
Microsoft Visual Studio Solution File, Format Version 12.00
# Visual Studio Version 17
VisualStudioVersion = 17.9.34728.123
MinimumVisualStudioVersion = 10.0.40219.1
Project("{9A19103F-16F7-4668-BE54-9A1E7A4F7556}") = "FileWatcherConsole", "FileWatcherConsole\FileWatcherConsole.csproj", "{92A6F4C7-91BA-4113-BE40-A3AB4376241E}"
EndProject
Project("{9A19103F-16F7-4668-BE54-9A1E7A4F7556}") = "FileWatcherLibrary", "FileWatcherLibrary\FileWatcherLibrary.csproj", "{E222AF81-0388-4A1B-813D-8B5678C7F46D}"
EndProject
Project("{FAE04EC0-301F-11D3-BF4B-00C04F79EFBC}") = "FileWatcherService", "FileWatcherService\FileWatcherService.csproj", "{59171437-AD9E-45A5-ABAB-E5D5D3BCC349}"
EndProject
Global
	GlobalSection(SolutionConfigurationPlatforms) = preSolution
		Debug|Any CPU = Debug|Any CPU
		Release|Any CPU = Release|Any CPU
	EndGlobalSection
	GlobalSection(ProjectConfigurationPlatforms) = postSolution
		{92A6F4C7-91BA-4113-BE40-A3AB4376241E}.Debug|Any CPU.ActiveCfg = Debug|Any CPU
		{92A6F4C7-91BA-4113-BE40-A3AB4376241E}.Debug|Any CPU.Build.0 = Debug|Any CPU
		{92A6F4C7-91BA-4113-BE40-A3AB4376241E}.Release|Any CPU.ActiveCfg = Release|Any CPU
		{92A6F4C7-91BA-4113-BE40-A3AB4376241E}.Release|Any CPU.Build.0 = Release|Any CPU
		{E222AF81-0388-4A1B-813D-8B5678C7F46D}.Debug|Any CPU.ActiveCfg = Debug|Any CPU
		{E222AF81-0388-4A1B-813D-8B5678C7F46D}.Debug|Any CPU.Build.0 = Debug|Any CPU
		{E222AF81-0388-4A1B-813D-8B5678C7F46D}.Release|Any CPU.ActiveCfg = Release|Any CPU
		{E222AF81-0388-4A1B-813D-8B5678C7F46D}.Release|Any CPU.Build.0 = Release|Any CPU
		{59171437-AD9E-45A5-ABAB-E5D5D3BCC349}.Debug|Any CPU.ActiveCfg = Debug|Any CPU
		{59171437-AD9E-45A5-ABAB-E5D5D3BCC349}.Debug|Any CPU.Build.0 = Debug|Any CPU
		{59171437-AD9E-45A5-ABAB-E5D5D3BCC349}.Release|Any CPU.ActiveCfg = Release|Any CPU
		{59171437-AD9E-45A5-ABAB-E5D5D3BCC349}.Release|Any CPU.Build.0 = Release|Any CPU
	EndGlobalSection
	GlobalSection(SolutionProperties) = preSolution
		HideSolutionNode = FALSE
	EndGlobalSection
	GlobalSection(ExtensibilityGlobals) = postSolution
		SolutionGuid = {92812180-6C4A-4BAF-BC55-502878C2901B}
	EndGlobalSection
EndGlobal
